{
  "version": 4,
  "terraform_version": "1.1.9",
  "serial": 32,
  "lineage": "17024c4c-3af4-3a5d-e3ed-f3d069fcf091",
  "outputs": {},
  "resources": [
    {
      "mode": "managed",
      "type": "docker_image",
      "name": "nginx",
      "provider": "provider[\"registry.terraform.io/kreuzwerker/docker\"]",
      "instances": [
        {
          "schema_version": 0,
          "attributes": {
            "build": [],
            "force_remove": null,
            "id": "sha256:12766a6745eea133de9fdcd03ff720fa971fdaf21113d4bc72b417c123b15619nginx:latest",
            "keep_locally": false,
            "latest": "sha256:12766a6745eea133de9fdcd03ff720fa971fdaf21113d4bc72b417c123b15619",
            "name": "nginx:latest",
            "output": null,
            "pull_trigger": null,
            "pull_triggers": null,
            "repo_digest": "nginx@sha256:2275af0f20d71b293916f1958f8497f987b8d8fd8113df54635f2a5915002bf1"
          },
          "sensitive_attributes": [],
          "private": "bnVsbA=="
        }
      ]
    }
  ]
}
